// !$*UTF8*$!
{
	archiveVersion = 1;
	classes = {
	};
	objectVersion = 48;
	objects = {

/* Begin PBXBuildFile section */
		4D11B6D61FCA390C00991802 /* ResearchKit.framework in Frameworks */ = {isa = PBXBuildFile; fileRef = 4DB199D61FCA386E006A563B /* ResearchKit.framework */; };
		4D11B6D71FCA390C00991802 /* ResearchKit.framework in Embed Frameworks */ = {isa = PBXBuildFile; fileRef = 4DB199D61FCA386E006A563B /* ResearchKit.framework */; settings = {ATTRIBUTES = (CodeSignOnCopy, RemoveHeadersOnCopy, ); }; };
		4D11B6DC1FCAF56100991802 /* MemoryTestViewController.swift in Sources */ = {isa = PBXBuildFile; fileRef = 4D11B6DB1FCAF56100991802 /* MemoryTestViewController.swift */; };
		4D11B6DE1FCAFED900991802 /* NavigationReport.swift in Sources */ = {isa = PBXBuildFile; fileRef = 4D11B6DD1FCAFED900991802 /* NavigationReport.swift */; };
		4D21521F1FB3BCD500BAE10F /* AppDelegate.swift in Sources */ = {isa = PBXBuildFile; fileRef = 4D21521E1FB3BCD500BAE10F /* AppDelegate.swift */; };
		4D2152211FB3BCD500BAE10F /* HomeViewController.swift in Sources */ = {isa = PBXBuildFile; fileRef = 4D2152201FB3BCD500BAE10F /* HomeViewController.swift */; };
		4D2152241FB3BCD500BAE10F /* Main.storyboard in Resources */ = {isa = PBXBuildFile; fileRef = 4D2152221FB3BCD500BAE10F /* Main.storyboard */; };
		4D2152271FB3BCD500BAE10F /* RouteTester.xcdatamodeld in Sources */ = {isa = PBXBuildFile; fileRef = 4D2152251FB3BCD500BAE10F /* RouteTester.xcdatamodeld */; };
		4D2152291FB3BCD500BAE10F /* Assets.xcassets in Resources */ = {isa = PBXBuildFile; fileRef = 4D2152281FB3BCD500BAE10F /* Assets.xcassets */; };
		4D21522C1FB3BCD500BAE10F /* LaunchScreen.storyboard in Resources */ = {isa = PBXBuildFile; fileRef = 4D21522A1FB3BCD500BAE10F /* LaunchScreen.storyboard */; };
		4D808D771FB3BEDC00118B0F /* PreTestSurvey.swift in Sources */ = {isa = PBXBuildFile; fileRef = 4D808D761FB3BEDC00118B0F /* PreTestSurvey.swift */; };
		4D808D791FB3E7FB00118B0F /* MemoryTest.swift in Sources */ = {isa = PBXBuildFile; fileRef = 4D808D781FB3E7FB00118B0F /* MemoryTest.swift */; };
		4D808D7C1FB5481300118B0F /* NewCommuteViewController.swift in Sources */ = {isa = PBXBuildFile; fileRef = 4D808D7B1FB5481300118B0F /* NewCommuteViewController.swift */; };
		4D808D7E1FB7AB4B00118B0F /* CoreDataStack.swift in Sources */ = {isa = PBXBuildFile; fileRef = 4D808D7D1FB7AB4B00118B0F /* CoreDataStack.swift */; };
		4D808D841FB7B32300118B0F /* CommuteDetailsViewController.swift in Sources */ = {isa = PBXBuildFile; fileRef = 4D808D831FB7B32300118B0F /* CommuteDetailsViewController.swift */; };
		4D808D861FB7C7D800118B0F /* StoryboardSupport.swift in Sources */ = {isa = PBXBuildFile; fileRef = 4D808D851FB7C7D800118B0F /* StoryboardSupport.swift */; };
		4D808D881FB7CB8500118B0F /* Default-568h@2x.png in Resources */ = {isa = PBXBuildFile; fileRef = 4D808D871FB7CB8500118B0F /* Default-568h@2x.png */; };
		4D808D8A1FBBE3D400118B0F /* FormatDisplay.swift in Sources */ = {isa = PBXBuildFile; fileRef = 4D808D891FBBE3D400118B0F /* FormatDisplay.swift */; };
		4D808D8C1FBBE4A800118B0F /* LocationManager.swift in Sources */ = {isa = PBXBuildFile; fileRef = 4D808D8B1FBBE4A800118B0F /* LocationManager.swift */; };
		4D808D911FC3AB4700118B0F /* ConsentDocument.swift in Sources */ = {isa = PBXBuildFile; fileRef = 4D808D901FC3AB4700118B0F /* ConsentDocument.swift */; };
		4D808D931FC3AD2100118B0F /* ConsentTask.swift in Sources */ = {isa = PBXBuildFile; fileRef = 4D808D921FC3AD2100118B0F /* ConsentTask.swift */; };
		4D808D951FC3CBA000118B0F /* OnboardingViewController.swift in Sources */ = {isa = PBXBuildFile; fileRef = 4D808D941FC3CBA000118B0F /* OnboardingViewController.swift */; };
/* End PBXBuildFile section */

/* Begin PBXContainerItemProxy section */
		4D11B6D81FCA390C00991802 /* PBXContainerItemProxy */ = {
			isa = PBXContainerItemProxy;
			containerPortal = 4DB199CF1FCA386E006A563B /* ResearchKit.xcodeproj */;
			proxyType = 1;
			remoteGlobalIDString = B183A4731A8535D100C76870;
			remoteInfo = ResearchKit;
		};
		4DB199D51FCA386E006A563B /* PBXContainerItemProxy */ = {
			isa = PBXContainerItemProxy;
			containerPortal = 4DB199CF1FCA386E006A563B /* ResearchKit.xcodeproj */;
			proxyType = 2;
			remoteGlobalIDString = B183A5951A8535D100C76870;
			remoteInfo = ResearchKit;
		};
		4DB199D71FCA386E006A563B /* PBXContainerItemProxy */ = {
			isa = PBXContainerItemProxy;
			containerPortal = 4DB199CF1FCA386E006A563B /* ResearchKit.xcodeproj */;
			proxyType = 2;
			remoteGlobalIDString = 86CC8E9A1AC09332001CCD89;
			remoteInfo = ResearchKitTests;
		};
/* End PBXContainerItemProxy section */

/* Begin PBXCopyFilesBuildPhase section */
		4D11B6DA1FCA390C00991802 /* Embed Frameworks */ = {
			isa = PBXCopyFilesBuildPhase;
			buildActionMask = 2147483647;
			dstPath = "";
			dstSubfolderSpec = 10;
			files = (
				4D11B6D71FCA390C00991802 /* ResearchKit.framework in Embed Frameworks */,
			);
			name = "Embed Frameworks";
			runOnlyForDeploymentPostprocessing = 0;
		};
/* End PBXCopyFilesBuildPhase section */

/* Begin PBXFileReference section */
		4D11B6DB1FCAF56100991802 /* MemoryTestViewController.swift */ = {isa = PBXFileReference; lastKnownFileType = sourcecode.swift; path = MemoryTestViewController.swift; sourceTree = "<group>"; };
		4D11B6DD1FCAFED900991802 /* NavigationReport.swift */ = {isa = PBXFileReference; lastKnownFileType = sourcecode.swift; path = NavigationReport.swift; sourceTree = "<group>"; };
		4D21521B1FB3BCD500BAE10F /* RouteTester.app */ = {isa = PBXFileReference; explicitFileType = wrapper.application; includeInIndex = 0; path = RouteTester.app; sourceTree = BUILT_PRODUCTS_DIR; };
		4D21521E1FB3BCD500BAE10F /* AppDelegate.swift */ = {isa = PBXFileReference; lastKnownFileType = sourcecode.swift; path = AppDelegate.swift; sourceTree = "<group>"; };
		4D2152201FB3BCD500BAE10F /* HomeViewController.swift */ = {isa = PBXFileReference; lastKnownFileType = sourcecode.swift; path = HomeViewController.swift; sourceTree = "<group>"; };
		4D2152231FB3BCD500BAE10F /* Base */ = {isa = PBXFileReference; lastKnownFileType = file.storyboard; name = Base; path = Base.lproj/Main.storyboard; sourceTree = "<group>"; };
		4D2152261FB3BCD500BAE10F /* RouteTester.xcdatamodel */ = {isa = PBXFileReference; lastKnownFileType = wrapper.xcdatamodel; path = RouteTester.xcdatamodel; sourceTree = "<group>"; };
		4D2152281FB3BCD500BAE10F /* Assets.xcassets */ = {isa = PBXFileReference; lastKnownFileType = folder.assetcatalog; path = Assets.xcassets; sourceTree = "<group>"; };
		4D21522B1FB3BCD500BAE10F /* Base */ = {isa = PBXFileReference; lastKnownFileType = file.storyboard; name = Base; path = Base.lproj/LaunchScreen.storyboard; sourceTree = "<group>"; };
		4D21522D1FB3BCD500BAE10F /* Info.plist */ = {isa = PBXFileReference; lastKnownFileType = text.plist.xml; path = Info.plist; sourceTree = "<group>"; };
		4D808D761FB3BEDC00118B0F /* PreTestSurvey.swift */ = {isa = PBXFileReference; lastKnownFileType = sourcecode.swift; path = PreTestSurvey.swift; sourceTree = "<group>"; };
		4D808D781FB3E7FB00118B0F /* MemoryTest.swift */ = {isa = PBXFileReference; lastKnownFileType = sourcecode.swift; path = MemoryTest.swift; sourceTree = "<group>"; };
		4D808D7B1FB5481300118B0F /* NewCommuteViewController.swift */ = {isa = PBXFileReference; lastKnownFileType = sourcecode.swift; path = NewCommuteViewController.swift; sourceTree = "<group>"; };
		4D808D7D1FB7AB4B00118B0F /* CoreDataStack.swift */ = {isa = PBXFileReference; lastKnownFileType = sourcecode.swift; path = CoreDataStack.swift; sourceTree = "<group>"; };
		4D808D831FB7B32300118B0F /* CommuteDetailsViewController.swift */ = {isa = PBXFileReference; lastKnownFileType = sourcecode.swift; path = CommuteDetailsViewController.swift; sourceTree = "<group>"; };
		4D808D851FB7C7D800118B0F /* StoryboardSupport.swift */ = {isa = PBXFileReference; lastKnownFileType = sourcecode.swift; path = StoryboardSupport.swift; sourceTree = "<group>"; };
		4D808D871FB7CB8500118B0F /* Default-568h@2x.png */ = {isa = PBXFileReference; lastKnownFileType = image.png; path = "Default-568h@2x.png"; sourceTree = "<group>"; };
		4D808D891FBBE3D400118B0F /* FormatDisplay.swift */ = {isa = PBXFileReference; lastKnownFileType = sourcecode.swift; path = FormatDisplay.swift; sourceTree = "<group>"; };
		4D808D8B1FBBE4A800118B0F /* LocationManager.swift */ = {isa = PBXFileReference; lastKnownFileType = sourcecode.swift; path = LocationManager.swift; sourceTree = "<group>"; };
		4D808D901FC3AB4700118B0F /* ConsentDocument.swift */ = {isa = PBXFileReference; lastKnownFileType = sourcecode.swift; path = ConsentDocument.swift; sourceTree = "<group>"; };
		4D808D921FC3AD2100118B0F /* ConsentTask.swift */ = {isa = PBXFileReference; lastKnownFileType = sourcecode.swift; path = ConsentTask.swift; sourceTree = "<group>"; };
		4D808D941FC3CBA000118B0F /* OnboardingViewController.swift */ = {isa = PBXFileReference; lastKnownFileType = sourcecode.swift; path = OnboardingViewController.swift; sourceTree = "<group>"; };
		4DB199CF1FCA386E006A563B /* ResearchKit.xcodeproj */ = {isa = PBXFileReference; lastKnownFileType = "wrapper.pb-project"; name = ResearchKit.xcodeproj; path = "../../TestProject/ResearchKit-master/ResearchKit.xcodeproj"; sourceTree = "<group>"; };
/* End PBXFileReference section */

/* Begin PBXFrameworksBuildPhase section */
		4D2152181FB3BCD500BAE10F /* Frameworks */ = {
			isa = PBXFrameworksBuildPhase;
			buildActionMask = 2147483647;
			files = (
				4D11B6D61FCA390C00991802 /* ResearchKit.framework in Frameworks */,
			);
			runOnlyForDeploymentPostprocessing = 0;
		};
/* End PBXFrameworksBuildPhase section */

/* Begin PBXGroup section */
		4D2152121FB3BCD500BAE10F = {
			isa = PBXGroup;
			children = (
				4DB199CF1FCA386E006A563B /* ResearchKit.xcodeproj */,
				4D808D871FB7CB8500118B0F /* Default-568h@2x.png */,
				4D21521D1FB3BCD500BAE10F /* RouteTester */,
				4D21521C1FB3BCD500BAE10F /* Products */,
			);
			sourceTree = "<group>";
		};
		4D21521C1FB3BCD500BAE10F /* Products */ = {
			isa = PBXGroup;
			children = (
				4D21521B1FB3BCD500BAE10F /* RouteTester.app */,
			);
			name = Products;
			sourceTree = "<group>";
		};
		4D21521D1FB3BCD500BAE10F /* RouteTester */ = {
			isa = PBXGroup;
			children = (
				4D21522D1FB3BCD500BAE10F /* Info.plist */,
				4D21521E1FB3BCD500BAE10F /* AppDelegate.swift */,
				4D808D761FB3BEDC00118B0F /* PreTestSurvey.swift */,
				4D808D781FB3E7FB00118B0F /* MemoryTest.swift */,
				4D808D901FC3AB4700118B0F /* ConsentDocument.swift */,
				4D808D921FC3AD2100118B0F /* ConsentTask.swift */,
				4D11B6DD1FCAFED900991802 /* NavigationReport.swift */,
				4D808D891FBBE3D400118B0F /* FormatDisplay.swift */,
				4D808D8B1FBBE4A800118B0F /* LocationManager.swift */,
				4D808D811FB7B10E00118B0F /* Storyboards and Assets */,
				4D808D7F1FB7AB9900118B0F /* ViewControllers */,
				4D808D821FB7B13F00118B0F /* Supporting Files */,
				4D808D801FB7ABBA00118B0F /* CoreData */,
			);
			path = RouteTester;
			sourceTree = "<group>";
		};
		4D808D7F1FB7AB9900118B0F /* ViewControllers */ = {
			isa = PBXGroup;
			children = (
				4D2152201FB3BCD500BAE10F /* HomeViewController.swift */,
				4D808D7B1FB5481300118B0F /* NewCommuteViewController.swift */,
				4D808D831FB7B32300118B0F /* CommuteDetailsViewController.swift */,
				4D808D941FC3CBA000118B0F /* OnboardingViewController.swift */,
				4D11B6DB1FCAF56100991802 /* MemoryTestViewController.swift */,
			);
			path = ViewControllers;
			sourceTree = "<group>";
		};
		4D808D801FB7ABBA00118B0F /* CoreData */ = {
			isa = PBXGroup;
			children = (
				4D2152251FB3BCD500BAE10F /* RouteTester.xcdatamodeld */,
				4D808D7D1FB7AB4B00118B0F /* CoreDataStack.swift */,
			);
			path = CoreData;
			sourceTree = "<group>";
		};
		4D808D811FB7B10E00118B0F /* Storyboards and Assets */ = {
			isa = PBXGroup;
			children = (
				4D2152221FB3BCD500BAE10F /* Main.storyboard */,
				4D21522A1FB3BCD500BAE10F /* LaunchScreen.storyboard */,
				4D2152281FB3BCD500BAE10F /* Assets.xcassets */,
			);
			path = "Storyboards and Assets";
			sourceTree = "<group>";
		};
		4D808D821FB7B13F00118B0F /* Supporting Files */ = {
			isa = PBXGroup;
			children = (
				4D808D851FB7C7D800118B0F /* StoryboardSupport.swift */,
			);
			path = "Supporting Files";
			sourceTree = "<group>";
		};
		4DB199D01FCA386E006A563B /* Products */ = {
			isa = PBXGroup;
			children = (
				4DB199D61FCA386E006A563B /* ResearchKit.framework */,
				4DB199D81FCA386E006A563B /* ResearchKitTests.xctest */,
			);
			name = Products;
			sourceTree = "<group>";
		};
/* End PBXGroup section */

/* Begin PBXNativeTarget section */
		4D21521A1FB3BCD500BAE10F /* RouteTester */ = {
			isa = PBXNativeTarget;
			buildConfigurationList = 4D2152301FB3BCD500BAE10F /* Build configuration list for PBXNativeTarget "RouteTester" */;
			buildPhases = (
				4D2152171FB3BCD500BAE10F /* Sources */,
				4D2152181FB3BCD500BAE10F /* Frameworks */,
				4D2152191FB3BCD500BAE10F /* Resources */,
				4D11B6DA1FCA390C00991802 /* Embed Frameworks */,
			);
			buildRules = (
			);
			dependencies = (
				4D11B6D91FCA390C00991802 /* PBXTargetDependency */,
			);
			name = RouteTester;
			productName = RouteTester;
			productReference = 4D21521B1FB3BCD500BAE10F /* RouteTester.app */;
			productType = "com.apple.product-type.application";
		};
/* End PBXNativeTarget section */

/* Begin PBXProject section */
		4D2152131FB3BCD500BAE10F /* Project object */ = {
			isa = PBXProject;
			attributes = {
				LastSwiftUpdateCheck = 0910;
				LastUpgradeCheck = 0910;
				ORGANIZATIONNAME = "Mary Hoekstra";
				TargetAttributes = {
					4D21521A1FB3BCD500BAE10F = {
						CreatedOnToolsVersion = 9.1;
						ProvisioningStyle = Automatic;
						SystemCapabilities = {
							com.apple.BackgroundModes = {
								enabled = 1;
							};
						};
					};
				};
			};
			buildConfigurationList = 4D2152161FB3BCD500BAE10F /* Build configuration list for PBXProject "RouteTester" */;
			compatibilityVersion = "Xcode 8.0";
			developmentRegion = en;
			hasScannedForEncodings = 0;
			knownRegions = (
				en,
				Base,
			);
			mainGroup = 4D2152121FB3BCD500BAE10F;
			productRefGroup = 4D21521C1FB3BCD500BAE10F /* Products */;
			projectDirPath = "";
			projectReferences = (
				{
					ProductGroup = 4DB199D01FCA386E006A563B /* Products */;
					ProjectRef = 4DB199CF1FCA386E006A563B /* ResearchKit.xcodeproj */;
				},
			);
			projectRoot = "";
			targets = (
				4D21521A1FB3BCD500BAE10F /* RouteTester */,
			);
		};
/* End PBXProject section */

/* Begin PBXReferenceProxy section */
		4DB199D61FCA386E006A563B /* ResearchKit.framework */ = {
			isa = PBXReferenceProxy;
			fileType = wrapper.framework;
			path = ResearchKit.framework;
			remoteRef = 4DB199D51FCA386E006A563B /* PBXContainerItemProxy */;
			sourceTree = BUILT_PRODUCTS_DIR;
		};
		4DB199D81FCA386E006A563B /* ResearchKitTests.xctest */ = {
			isa = PBXReferenceProxy;
			fileType = wrapper.cfbundle;
			path = ResearchKitTests.xctest;
			remoteRef = 4DB199D71FCA386E006A563B /* PBXContainerItemProxy */;
			sourceTree = BUILT_PRODUCTS_DIR;
		};
/* End PBXReferenceProxy section */

/* Begin PBXResourcesBuildPhase section */
		4D2152191FB3BCD500BAE10F /* Resources */ = {
			isa = PBXResourcesBuildPhase;
			buildActionMask = 2147483647;
			files = (
				4D21522C1FB3BCD500BAE10F /* LaunchScreen.storyboard in Resources */,
				4D808D881FB7CB8500118B0F /* Default-568h@2x.png in Resources */,
				4D2152291FB3BCD500BAE10F /* Assets.xcassets in Resources */,
				4D2152241FB3BCD500BAE10F /* Main.storyboard in Resources */,
			);
			runOnlyForDeploymentPostprocessing = 0;
		};
/* End PBXResourcesBuildPhase section */

/* Begin PBXSourcesBuildPhase section */
		4D2152171FB3BCD500BAE10F /* Sources */ = {
			isa = PBXSourcesBuildPhase;
			buildActionMask = 2147483647;
			files = (
				4D808D7E1FB7AB4B00118B0F /* CoreDataStack.swift in Sources */,
				4D808D911FC3AB4700118B0F /* ConsentDocument.swift in Sources */,
				4D2152211FB3BCD500BAE10F /* HomeViewController.swift in Sources */,
				4D808D791FB3E7FB00118B0F /* MemoryTest.swift in Sources */,
				4D808D8C1FBBE4A800118B0F /* LocationManager.swift in Sources */,
				4D808D8A1FBBE3D400118B0F /* FormatDisplay.swift in Sources */,
				4D2152271FB3BCD500BAE10F /* RouteTester.xcdatamodeld in Sources */,
				4D808D841FB7B32300118B0F /* CommuteDetailsViewController.swift in Sources */,
				4D21521F1FB3BCD500BAE10F /* AppDelegate.swift in Sources */,
				4D808D7C1FB5481300118B0F /* NewCommuteViewController.swift in Sources */,
				4D808D771FB3BEDC00118B0F /* PreTestSurvey.swift in Sources */,
				4D808D951FC3CBA000118B0F /* OnboardingViewController.swift in Sources */,
				4D11B6DC1FCAF56100991802 /* MemoryTestViewController.swift in Sources */,
				4D11B6DE1FCAFED900991802 /* NavigationReport.swift in Sources */,
				4D808D931FC3AD2100118B0F /* ConsentTask.swift in Sources */,
				4D808D861FB7C7D800118B0F /* StoryboardSupport.swift in Sources */,
			);
			runOnlyForDeploymentPostprocessing = 0;
		};
/* End PBXSourcesBuildPhase section */

/* Begin PBXTargetDependency section */
		4D11B6D91FCA390C00991802 /* PBXTargetDependency */ = {
			isa = PBXTargetDependency;
			name = ResearchKit;
			targetProxy = 4D11B6D81FCA390C00991802 /* PBXContainerItemProxy */;
		};
/* End PBXTargetDependency section */

/* Begin PBXVariantGroup section */
		4D2152221FB3BCD500BAE10F /* Main.storyboard */ = {
			isa = PBXVariantGroup;
			children = (
				4D2152231FB3BCD500BAE10F /* Base */,
			);
			name = Main.storyboard;
			sourceTree = "<group>";
		};
		4D21522A1FB3BCD500BAE10F /* LaunchScreen.storyboard */ = {
			isa = PBXVariantGroup;
			children = (
				4D21522B1FB3BCD500BAE10F /* Base */,
			);
			name = LaunchScreen.storyboard;
			sourceTree = "<group>";
		};
/* End PBXVariantGroup section */

/* Begin XCBuildConfiguration section */
		4D21522E1FB3BCD500BAE10F /* Debug */ = {
			isa = XCBuildConfiguration;
			buildSettings = {
				ALWAYS_SEARCH_USER_PATHS = NO;
				CLANG_ANALYZER_NONNULL = YES;
				CLANG_ANALYZER_NUMBER_OBJECT_CONVERSION = YES_AGGRESSIVE;
				CLANG_CXX_LANGUAGE_STANDARD = "gnu++14";
				CLANG_CXX_LIBRARY = "libc++";
				CLANG_ENABLE_MODULES = YES;
				CLANG_ENABLE_OBJC_ARC = YES;
				CLANG_WARN_BLOCK_CAPTURE_AUTORELEASING = YES;
				CLANG_WARN_BOOL_CONVERSION = YES;
				CLANG_WARN_COMMA = YES;
				CLANG_WARN_CONSTANT_CONVERSION = YES;
				CLANG_WARN_DIRECT_OBJC_ISA_USAGE = YES_ERROR;
				CLANG_WARN_DOCUMENTATION_COMMENTS = YES;
				CLANG_WARN_EMPTY_BODY = YES;
				CLANG_WARN_ENUM_CONVERSION = YES;
				CLANG_WARN_INFINITE_RECURSION = YES;
				CLANG_WARN_INT_CONVERSION = YES;
				CLANG_WARN_NON_LITERAL_NULL_CONVERSION = YES;
				CLANG_WARN_OBJC_LITERAL_CONVERSION = YES;
				CLANG_WARN_OBJC_ROOT_CLASS = YES_ERROR;
				CLANG_WARN_RANGE_LOOP_ANALYSIS = YES;
				CLANG_WARN_STRICT_PROTOTYPES = YES;
				CLANG_WARN_SUSPICIOUS_MOVE = YES;
				CLANG_WARN_UNGUARDED_AVAILABILITY = YES_AGGRESSIVE;
				CLANG_WARN_UNREACHABLE_CODE = YES;
				CLANG_WARN__DUPLICATE_METHOD_MATCH = YES;
				CODE_SIGN_IDENTITY = "iPhone Developer";
				COPY_PHASE_STRIP = NO;
				DEBUG_INFORMATION_FORMAT = dwarf;
				ENABLE_STRICT_OBJC_MSGSEND = YES;
				ENABLE_TESTABILITY = YES;
				GCC_C_LANGUAGE_STANDARD = gnu11;
				GCC_DYNAMIC_NO_PIC = NO;
				GCC_NO_COMMON_BLOCKS = YES;
				GCC_OPTIMIZATION_LEVEL = 0;
				GCC_PREPROCESSOR_DEFINITIONS = (
					"DEBUG=1",
					"$(inherited)",
				);
				GCC_WARN_64_TO_32_BIT_CONVERSION = YES;
				GCC_WARN_ABOUT_RETURN_TYPE = YES_ERROR;
				GCC_WARN_UNDECLARED_SELECTOR = YES;
				GCC_WARN_UNINITIALIZED_AUTOS = YES_AGGRESSIVE;
				GCC_WARN_UNUSED_FUNCTION = YES;
				GCC_WARN_UNUSED_VARIABLE = YES;
				IPHONEOS_DEPLOYMENT_TARGET = 11.1;
				MTL_ENABLE_DEBUG_INFO = YES;
				ONLY_ACTIVE_ARCH = YES;
				SDKROOT = iphoneos;
				SWIFT_ACTIVE_COMPILATION_CONDITIONS = DEBUG;
				SWIFT_OPTIMIZATION_LEVEL = "-Onone";
			};
			name = Debug;
		};
		4D21522F1FB3BCD500BAE10F /* Release */ = {
			isa = XCBuildConfiguration;
			buildSettings = {
				ALWAYS_SEARCH_USER_PATHS = NO;
				CLANG_ANALYZER_NONNULL = YES;
				CLANG_ANALYZER_NUMBER_OBJECT_CONVERSION = YES_AGGRESSIVE;
				CLANG_CXX_LANGUAGE_STANDARD = "gnu++14";
				CLANG_CXX_LIBRARY = "libc++";
				CLANG_ENABLE_MODULES = YES;
				CLANG_ENABLE_OBJC_ARC = YES;
				CLANG_WARN_BLOCK_CAPTURE_AUTORELEASING = YES;
				CLANG_WARN_BOOL_CONVERSION = YES;
				CLANG_WARN_COMMA = YES;
				CLANG_WARN_CONSTANT_CONVERSION = YES;
				CLANG_WARN_DIRECT_OBJC_ISA_USAGE = YES_ERROR;
				CLANG_WARN_DOCUMENTATION_COMMENTS = YES;
				CLANG_WARN_EMPTY_BODY = YES;
				CLANG_WARN_ENUM_CONVERSION = YES;
				CLANG_WARN_INFINITE_RECURSION = YES;
				CLANG_WARN_INT_CONVERSION = YES;
				CLANG_WARN_NON_LITERAL_NULL_CONVERSION = YES;
				CLANG_WARN_OBJC_LITERAL_CONVERSION = YES;
				CLANG_WARN_OBJC_ROOT_CLASS = YES_ERROR;
				CLANG_WARN_RANGE_LOOP_ANALYSIS = YES;
				CLANG_WARN_STRICT_PROTOTYPES = YES;
				CLANG_WARN_SUSPICIOUS_MOVE = YES;
				CLANG_WARN_UNGUARDED_AVAILABILITY = YES_AGGRESSIVE;
				CLANG_WARN_UNREACHABLE_CODE = YES;
				CLANG_WARN__DUPLICATE_METHOD_MATCH = YES;
				CODE_SIGN_IDENTITY = "iPhone Developer";
				COPY_PHASE_STRIP = NO;
				DEBUG_INFORMATION_FORMAT = "dwarf-with-dsym";
				ENABLE_NS_ASSERTIONS = NO;
				ENABLE_STRICT_OBJC_MSGSEND = YES;
				GCC_C_LANGUAGE_STANDARD = gnu11;
				GCC_NO_COMMON_BLOCKS = YES;
				GCC_WARN_64_TO_32_BIT_CONVERSION = YES;
				GCC_WARN_ABOUT_RETURN_TYPE = YES_ERROR;
				GCC_WARN_UNDECLARED_SELECTOR = YES;
				GCC_WARN_UNINITIALIZED_AUTOS = YES_AGGRESSIVE;
				GCC_WARN_UNUSED_FUNCTION = YES;
				GCC_WARN_UNUSED_VARIABLE = YES;
				IPHONEOS_DEPLOYMENT_TARGET = 11.1;
				MTL_ENABLE_DEBUG_INFO = NO;
				SDKROOT = iphoneos;
				SWIFT_OPTIMIZATION_LEVEL = "-Owholemodule";
				VALIDATE_PRODUCT = YES;
			};
			name = Release;
		};
		4D2152311FB3BCD500BAE10F /* Debug */ = {
			isa = XCBuildConfiguration;
			buildSettings = {
				ALWAYS_EMBED_SWIFT_STANDARD_LIBRARIES = YES;
				ASSETCATALOG_COMPILER_APPICON_NAME = AppIcon;
				CODE_SIGN_STYLE = Automatic;
				DEVELOPMENT_TEAM = UY74P6L3CK;
				INFOPLIST_FILE = RouteTester/Info.plist;
				LD_RUNPATH_SEARCH_PATHS = "$(inherited) @executable_path/Frameworks";
				PRODUCT_BUNDLE_IDENTIFIER = mary.hoekstra.RouteTester;
				PRODUCT_NAME = "$(TARGET_NAME)";
				SWIFT_VERSION = 4.0;
				TARGETED_DEVICE_FAMILY = "1,2";
			};
			name = Debug;
		};
		4D2152321FB3BCD500BAE10F /* Release */ = {
			isa = XCBuildConfiguration;
			buildSettings = {
				ALWAYS_EMBED_SWIFT_STANDARD_LIBRARIES = YES;
				ASSETCATALOG_COMPILER_APPICON_NAME = AppIcon;
				CODE_SIGN_STYLE = Automatic;
				DEVELOPMENT_TEAM = UY74P6L3CK;
				INFOPLIST_FILE = RouteTester/Info.plist;
				LD_RUNPATH_SEARCH_PATHS = "$(inherited) @executable_path/Frameworks";
				PRODUCT_BUNDLE_IDENTIFIER = mary.hoekstra.RouteTester;
				PRODUCT_NAME = "$(TARGET_NAME)";
				SWIFT_VERSION = 4.0;
				TARGETED_DEVICE_FAMILY = "1,2";
			};
			name = Release;
		};
/* End XCBuildConfiguration section */

/* Begin XCConfigurationList section */
		4D2152161FB3BCD500BAE10F /* Build configuration list for PBXProject "RouteTester" */ = {
			isa = XCConfigurationList;
			buildConfigurations = (
				4D21522E1FB3BCD500BAE10F /* Debug */,
				4D21522F1FB3BCD500BAE10F /* Release */,
			);
			defaultConfigurationIsVisible = 0;
			defaultConfigurationName = Release;
		};
		4D2152301FB3BCD500BAE10F /* Build configuration list for PBXNativeTarget "RouteTester" */ = {
			isa = XCConfigurationList;
			buildConfigurations = (
				4D2152311FB3BCD500BAE10F /* Debug */,
				4D2152321FB3BCD500BAE10F /* Release */,
			);
			defaultConfigurationIsVisible = 0;
			defaultConfigurationName = Release;
		};
/* End XCConfigurationList section */

/* Begin XCVersionGroup section */
		4D2152251FB3BCD500BAE10F /* RouteTester.xcdatamodeld */ = {
			isa = XCVersionGroup;
			children = (
				4D2152261FB3BCD500BAE10F /* RouteTester.xcdatamodel */,
			);
			currentVersion = 4D2152261FB3BCD500BAE10F /* RouteTester.xcdatamodel */;
			path = RouteTester.xcdatamodeld;
			sourceTree = "<group>";
			versionGroupType = wrapper.xcdatamodel;
		};
/* End XCVersionGroup section */
	};
	rootObject = 4D2152131FB3BCD500BAE10F /* Project object */;
}
